
Microsoft Visual Studio Solution File, Format Version 12.00
# Visual Studio Version 17
VisualStudioVersion = 17.5.002.0
MinimumVisualStudioVersion = 10.0.40219.1
Project("{9A19103F-16F7-4668-BE54-9A1E7A4F7556}") = "TestProject", "TestProject.csproj", "{572D56A6-8FDC-4923-A2DE-3496C46203B7}"
EndProject
Global
	GlobalSection(SolutionConfigurationPlatforms) = preSolution
		Debug|Any CPU = Debug|Any CPU
		Release|Any CPU = Release|Any CPU
	EndGlobalSection
	GlobalSection(ProjectConfigurationPlatforms) = postSolution
		{572D56A6-8FDC-4923-A2DE-3496C46203B7}.Debug|Any CPU.ActiveCfg = Debug|Any CPU
		{572D56A6-8FDC-4923-A2DE-3496C46203B7}.Debug|Any CPU.Build.0 = Debug|Any CPU
		{572D56A6-8FDC-4923-A2DE-3496C46203B7}.Release|Any CPU.ActiveCfg = Release|Any CPU
		{572D56A6-8FDC-4923-A2DE-3496C46203B7}.Release|Any CPU.Build.0 = Release|Any CPU
	EndGlobalSection
	GlobalSection(SolutionProperties) = preSolution
		HideSolutionNode = FALSE
	EndGlobalSection
	GlobalSection(ExtensibilityGlobals) = postSolution
		SolutionGuid = {C8845082-1108-4B1E-A704-DF03EAD7257E}
	EndGlobalSection
EndGlobal
